
Microsoft Visual Studio Solution File, Format Version 12.00
# Visual Studio 2017
Project("{FAE04EC0-301F-11D3-BF4B-00C04F79EFBC}") = "TrappedInTheNightmare", "TrappedInTheNightmare.csproj", "{4DA0B585-7E6B-3013-7C01-1F9B5308AE5A}"
EndProject
Project("{FAE04EC0-301F-11D3-BF4B-00C04F79EFBC}") = "TrappedInTheNightmare.Editor", "TrappedInTheNightmare.Editor.csproj", "{0BB0515F-9646-A219-2BEA-B094762A7F09}"
EndProject
Global
	GlobalSection(SolutionConfigurationPlatforms) = preSolution
		Debug|Any CPU = Debug|Any CPU
		Release|Any CPU = Release|Any CPU
	EndGlobalSection
	GlobalSection(ProjectConfigurationPlatforms) = postSolution
		{4DA0B585-7E6B-3013-7C01-1F9B5308AE5A}.Debug|Any CPU.ActiveCfg = Debug|Any CPU
		{4DA0B585-7E6B-3013-7C01-1F9B5308AE5A}.Debug|Any CPU.Build.0 = Debug|Any CPU
		{4DA0B585-7E6B-3013-7C01-1F9B5308AE5A}.Release|Any CPU.ActiveCfg = Release|Any CPU
		{4DA0B585-7E6B-3013-7C01-1F9B5308AE5A}.Release|Any CPU.Build.0 = Release|Any CPU
		{0BB0515F-9646-A219-2BEA-B094762A7F09}.Debug|Any CPU.ActiveCfg = Debug|Any CPU
		{0BB0515F-9646-A219-2BEA-B094762A7F09}.Debug|Any CPU.Build.0 = Debug|Any CPU
		{0BB0515F-9646-A219-2BEA-B094762A7F09}.Release|Any CPU.ActiveCfg = Release|Any CPU
		{0BB0515F-9646-A219-2BEA-B094762A7F09}.Release|Any CPU.Build.0 = Release|Any CPU
	EndGlobalSection
	GlobalSection(SolutionProperties) = preSolution
		HideSolutionNode = FALSE
	EndGlobalSection
EndGlobal
